// !$*UTF8*$!
{
	archiveVersion = 1;
	classes = {
	};
	objectVersion = 46;
	objects = {

/* Begin PBXBuildFile section */
		C32DA4621EA6AA8900130808 /* CharCollectionViewCell.m in Sources */ = {isa = PBXBuildFile; fileRef = C32DA4611EA6AA8900130808 /* CharCollectionViewCell.m */; };
		C32DA4641EA6AB5500130808 /* astro.jpg in Resources */ = {isa = PBXBuildFile; fileRef = C32DA4631EA6AB5500130808 /* astro.jpg */; };
		C35FA09C1EA53BDB00E1DD29 /* main.m in Sources */ = {isa = PBXBuildFile; fileRef = C35FA09B1EA53BDB00E1DD29 /* main.m */; };
		C35FA09F1EA53BDB00E1DD29 /* AppDelegate.m in Sources */ = {isa = PBXBuildFile; fileRef = C35FA09E1EA53BDB00E1DD29 /* AppDelegate.m */; };
		C35FA0A21EA53BDB00E1DD29 /* ViewController.m in Sources */ = {isa = PBXBuildFile; fileRef = C35FA0A11EA53BDB00E1DD29 /* ViewController.m */; };
		C35FA0A51EA53BDB00E1DD29 /* Main.storyboard in Resources */ = {isa = PBXBuildFile; fileRef = C35FA0A31EA53BDB00E1DD29 /* Main.storyboard */; };
		C35FA0A71EA53BDB00E1DD29 /* Assets.xcassets in Resources */ = {isa = PBXBuildFile; fileRef = C35FA0A61EA53BDB00E1DD29 /* Assets.xcassets */; };
		C35FA0AA1EA53BDB00E1DD29 /* LaunchScreen.storyboard in Resources */ = {isa = PBXBuildFile; fileRef = C35FA0A81EA53BDB00E1DD29 /* LaunchScreen.storyboard */; };
		C35FA0B51EA53BDB00E1DD29 /* miniChallengeTests.m in Sources */ = {isa = PBXBuildFile; fileRef = C35FA0B41EA53BDB00E1DD29 /* miniChallengeTests.m */; };
		C35FA0C01EA53BDB00E1DD29 /* miniChallengeUITests.m in Sources */ = {isa = PBXBuildFile; fileRef = C35FA0BF1EA53BDB00E1DD29 /* miniChallengeUITests.m */; };
		C35FA0CF1EA53BFC00E1DD29 /* GameViewController.m in Sources */ = {isa = PBXBuildFile; fileRef = C35FA0CE1EA53BFC00E1DD29 /* GameViewController.m */; };
		C35FA0D21EA53CA000E1DD29 /* CharacterViewController.m in Sources */ = {isa = PBXBuildFile; fileRef = C35FA0D11EA53CA000E1DD29 /* CharacterViewController.m */; };
		C35FA0D41EA53DEF00E1DD29 /* Third View 1.jpg in Resources */ = {isa = PBXBuildFile; fileRef = C35FA0D31EA53DEF00E1DD29 /* Third View 1.jpg */; };
/* End PBXBuildFile section */

/* Begin PBXContainerItemProxy section */
		C35FA0B11EA53BDB00E1DD29 /* PBXContainerItemProxy */ = {
			isa = PBXContainerItemProxy;
			containerPortal = C35FA08F1EA53BDB00E1DD29 /* Project object */;
			proxyType = 1;
			remoteGlobalIDString = C35FA0961EA53BDB00E1DD29;
			remoteInfo = miniChallenge;
		};
		C35FA0BC1EA53BDB00E1DD29 /* PBXContainerItemProxy */ = {
			isa = PBXContainerItemProxy;
			containerPortal = C35FA08F1EA53BDB00E1DD29 /* Project object */;
			proxyType = 1;
			remoteGlobalIDString = C35FA0961EA53BDB00E1DD29;
			remoteInfo = miniChallenge;
		};
/* End PBXContainerItemProxy section */

/* Begin PBXFileReference section */
		C32DA4601EA6AA8900130808 /* CharCollectionViewCell.h */ = {isa = PBXFileReference; fileEncoding = 4; lastKnownFileType = sourcecode.c.h; path = CharCollectionViewCell.h; sourceTree = "<group>"; };
		C32DA4611EA6AA8900130808 /* CharCollectionViewCell.m */ = {isa = PBXFileReference; fileEncoding = 4; lastKnownFileType = sourcecode.c.objc; path = CharCollectionViewCell.m; sourceTree = "<group>"; };
		C32DA4631EA6AB5500130808 /* astro.jpg */ = {isa = PBXFileReference; lastKnownFileType = image.jpeg; path = astro.jpg; sourceTree = "<group>"; };
		C35FA0971EA53BDB00E1DD29 /* miniChallenge.app */ = {isa = PBXFileReference; explicitFileType = wrapper.application; includeInIndex = 0; path = miniChallenge.app; sourceTree = BUILT_PRODUCTS_DIR; };
		C35FA09B1EA53BDB00E1DD29 /* main.m */ = {isa = PBXFileReference; lastKnownFileType = sourcecode.c.objc; path = main.m; sourceTree = "<group>"; };
		C35FA09D1EA53BDB00E1DD29 /* AppDelegate.h */ = {isa = PBXFileReference; lastKnownFileType = sourcecode.c.h; path = AppDelegate.h; sourceTree = "<group>"; };
		C35FA09E1EA53BDB00E1DD29 /* AppDelegate.m */ = {isa = PBXFileReference; lastKnownFileType = sourcecode.c.objc; path = AppDelegate.m; sourceTree = "<group>"; };
		C35FA0A01EA53BDB00E1DD29 /* ViewController.h */ = {isa = PBXFileReference; lastKnownFileType = sourcecode.c.h; path = ViewController.h; sourceTree = "<group>"; };
		C35FA0A11EA53BDB00E1DD29 /* ViewController.m */ = {isa = PBXFileReference; lastKnownFileType = sourcecode.c.objc; path = ViewController.m; sourceTree = "<group>"; };
		C35FA0A41EA53BDB00E1DD29 /* Base */ = {isa = PBXFileReference; lastKnownFileType = file.storyboard; name = Base; path = Base.lproj/Main.storyboard; sourceTree = "<group>"; };
		C35FA0A61EA53BDB00E1DD29 /* Assets.xcassets */ = {isa = PBXFileReference; lastKnownFileType = folder.assetcatalog; path = Assets.xcassets; sourceTree = "<group>"; };
		C35FA0A91EA53BDB00E1DD29 /* Base */ = {isa = PBXFileReference; lastKnownFileType = file.storyboard; name = Base; path = Base.lproj/LaunchScreen.storyboard; sourceTree = "<group>"; };
		C35FA0AB1EA53BDB00E1DD29 /* Info.plist */ = {isa = PBXFileReference; lastKnownFileType = text.plist.xml; path = Info.plist; sourceTree = "<group>"; };
		C35FA0B01EA53BDB00E1DD29 /* miniChallengeTests.xctest */ = {isa = PBXFileReference; explicitFileType = wrapper.cfbundle; includeInIndex = 0; path = miniChallengeTests.xctest; sourceTree = BUILT_PRODUCTS_DIR; };
		C35FA0B41EA53BDB00E1DD29 /* miniChallengeTests.m */ = {isa = PBXFileReference; lastKnownFileType = sourcecode.c.objc; path = miniChallengeTests.m; sourceTree = "<group>"; };
		C35FA0B61EA53BDB00E1DD29 /* Info.plist */ = {isa = PBXFileReference; lastKnownFileType = text.plist.xml; path = Info.plist; sourceTree = "<group>"; };
		C35FA0BB1EA53BDB00E1DD29 /* miniChallengeUITests.xctest */ = {isa = PBXFileReference; explicitFileType = wrapper.cfbundle; includeInIndex = 0; path = miniChallengeUITests.xctest; sourceTree = BUILT_PRODUCTS_DIR; };
		C35FA0BF1EA53BDB00E1DD29 /* miniChallengeUITests.m */ = {isa = PBXFileReference; lastKnownFileType = sourcecode.c.objc; path = miniChallengeUITests.m; sourceTree = "<group>"; };
		C35FA0C11EA53BDB00E1DD29 /* Info.plist */ = {isa = PBXFileReference; lastKnownFileType = text.plist.xml; path = Info.plist; sourceTree = "<group>"; };
		C35FA0CD1EA53BFC00E1DD29 /* GameViewController.h */ = {isa = PBXFileReference; fileEncoding = 4; lastKnownFileType = sourcecode.c.h; path = GameViewController.h; sourceTree = "<group>"; };
		C35FA0CE1EA53BFC00E1DD29 /* GameViewController.m */ = {isa = PBXFileReference; fileEncoding = 4; lastKnownFileType = sourcecode.c.objc; path = GameViewController.m; sourceTree = "<group>"; };
		C35FA0D01EA53CA000E1DD29 /* CharacterViewController.h */ = {isa = PBXFileReference; fileEncoding = 4; lastKnownFileType = sourcecode.c.h; path = CharacterViewController.h; sourceTree = "<group>"; };
		C35FA0D11EA53CA000E1DD29 /* CharacterViewController.m */ = {isa = PBXFileReference; fileEncoding = 4; lastKnownFileType = sourcecode.c.objc; path = CharacterViewController.m; sourceTree = "<group>"; };
		C35FA0D31EA53DEF00E1DD29 /* Third View 1.jpg */ = {isa = PBXFileReference; lastKnownFileType = image.jpeg; path = "Third View 1.jpg"; sourceTree = "<group>"; };
/* End PBXFileReference section */

/* Begin PBXFrameworksBuildPhase section */
		C35FA0941EA53BDB00E1DD29 /* Frameworks */ = {
			isa = PBXFrameworksBuildPhase;
			buildActionMask = 2147483647;
			files = (
			);
			runOnlyForDeploymentPostprocessing = 0;
		};
		C35FA0AD1EA53BDB00E1DD29 /* Frameworks */ = {
			isa = PBXFrameworksBuildPhase;
			buildActionMask = 2147483647;
			files = (
			);
			runOnlyForDeploymentPostprocessing = 0;
		};
		C35FA0B81EA53BDB00E1DD29 /* Frameworks */ = {
			isa = PBXFrameworksBuildPhase;
			buildActionMask = 2147483647;
			files = (
			);
			runOnlyForDeploymentPostprocessing = 0;
		};
/* End PBXFrameworksBuildPhase section */

/* Begin PBXGroup section */
		C35FA08E1EA53BDB00E1DD29 = {
			isa = PBXGroup;
			children = (
				C35FA0991EA53BDB00E1DD29 /* miniChallenge */,
				C35FA0B31EA53BDB00E1DD29 /* miniChallengeTests */,
				C35FA0BE1EA53BDB00E1DD29 /* miniChallengeUITests */,
				C35FA0981EA53BDB00E1DD29 /* Products */,
			);
			sourceTree = "<group>";
		};
		C35FA0981EA53BDB00E1DD29 /* Products */ = {
			isa = PBXGroup;
			children = (
				C35FA0971EA53BDB00E1DD29 /* miniChallenge.app */,
				C35FA0B01EA53BDB00E1DD29 /* miniChallengeTests.xctest */,
				C35FA0BB1EA53BDB00E1DD29 /* miniChallengeUITests.xctest */,
			);
			name = Products;
			sourceTree = "<group>";
		};
		C35FA0991EA53BDB00E1DD29 /* miniChallenge */ = {
			isa = PBXGroup;
			children = (
				C35FA09D1EA53BDB00E1DD29 /* AppDelegate.h */,
				C35FA09E1EA53BDB00E1DD29 /* AppDelegate.m */,
				C35FA0A01EA53BDB00E1DD29 /* ViewController.h */,
				C35FA0A11EA53BDB00E1DD29 /* ViewController.m */,
				C35FA0A31EA53BDB00E1DD29 /* Main.storyboard */,
				C32DA4601EA6AA8900130808 /* CharCollectionViewCell.h */,
				C32DA4611EA6AA8900130808 /* CharCollectionViewCell.m */,
				C35FA0D01EA53CA000E1DD29 /* CharacterViewController.h */,
				C35FA0D11EA53CA000E1DD29 /* CharacterViewController.m */,
				C35FA0CD1EA53BFC00E1DD29 /* GameViewController.h */,
				C35FA0CE1EA53BFC00E1DD29 /* GameViewController.m */,
				C35FA0D31EA53DEF00E1DD29 /* Third View 1.jpg */,
				C35FA0A61EA53BDB00E1DD29 /* Assets.xcassets */,
				C35FA0A81EA53BDB00E1DD29 /* LaunchScreen.storyboard */,
				C32DA4631EA6AB5500130808 /* astro.jpg */,
				C35FA0AB1EA53BDB00E1DD29 /* Info.plist */,
				C35FA09A1EA53BDB00E1DD29 /* Supporting Files */,
			);
			path = miniChallenge;
			sourceTree = "<group>";
		};
		C35FA09A1EA53BDB00E1DD29 /* Supporting Files */ = {
			isa = PBXGroup;
			children = (
				C35FA09B1EA53BDB00E1DD29 /* main.m */,
			);
			name = "Supporting Files";
			sourceTree = "<group>";
		};
		C35FA0B31EA53BDB00E1DD29 /* miniChallengeTests */ = {
			isa = PBXGroup;
			children = (
				C35FA0B41EA53BDB00E1DD29 /* miniChallengeTests.m */,
				C35FA0B61EA53BDB00E1DD29 /* Info.plist */,
			);
			path = miniChallengeTests;
			sourceTree = "<group>";
		};
		C35FA0BE1EA53BDB00E1DD29 /* miniChallengeUITests */ = {
			isa = PBXGroup;
			children = (
				C35FA0BF1EA53BDB00E1DD29 /* miniChallengeUITests.m */,
				C35FA0C11EA53BDB00E1DD29 /* Info.plist */,
			);
			path = miniChallengeUITests;
			sourceTree = "<group>";
		};
/* End PBXGroup section */

/* Begin PBXNativeTarget section */
		C35FA0961EA53BDB00E1DD29 /* miniChallenge */ = {
			isa = PBXNativeTarget;
			buildConfigurationList = C35FA0C41EA53BDB00E1DD29 /* Build configuration list for PBXNativeTarget "miniChallenge" */;
			buildPhases = (
				C35FA0931EA53BDB00E1DD29 /* Sources */,
				C35FA0941EA53BDB00E1DD29 /* Frameworks */,
				C35FA0951EA53BDB00E1DD29 /* Resources */,
			);
			buildRules = (
			);
			dependencies = (
			);
			name = miniChallenge;
			productName = miniChallenge;
			productReference = C35FA0971EA53BDB00E1DD29 /* miniChallenge.app */;
			productType = "com.apple.product-type.application";
		};
		C35FA0AF1EA53BDB00E1DD29 /* miniChallengeTests */ = {
			isa = PBXNativeTarget;
			buildConfigurationList = C35FA0C71EA53BDB00E1DD29 /* Build configuration list for PBXNativeTarget "miniChallengeTests" */;
			buildPhases = (
				C35FA0AC1EA53BDB00E1DD29 /* Sources */,
				C35FA0AD1EA53BDB00E1DD29 /* Frameworks */,
				C35FA0AE1EA53BDB00E1DD29 /* Resources */,
			);
			buildRules = (
			);
			dependencies = (
				C35FA0B21EA53BDB00E1DD29 /* PBXTargetDependency */,
			);
			name = miniChallengeTests;
			productName = miniChallengeTests;
			productReference = C35FA0B01EA53BDB00E1DD29 /* miniChallengeTests.xctest */;
			productType = "com.apple.product-type.bundle.unit-test";
		};
		C35FA0BA1EA53BDB00E1DD29 /* miniChallengeUITests */ = {
			isa = PBXNativeTarget;
			buildConfigurationList = C35FA0CA1EA53BDB00E1DD29 /* Build configuration list for PBXNativeTarget "miniChallengeUITests" */;
			buildPhases = (
				C35FA0B71EA53BDB00E1DD29 /* Sources */,
				C35FA0B81EA53BDB00E1DD29 /* Frameworks */,
				C35FA0B91EA53BDB00E1DD29 /* Resources */,
			);
			buildRules = (
			);
			dependencies = (
				C35FA0BD1EA53BDB00E1DD29 /* PBXTargetDependency */,
			);
			name = miniChallengeUITests;
			productName = miniChallengeUITests;
			productReference = C35FA0BB1EA53BDB00E1DD29 /* miniChallengeUITests.xctest */;
			productType = "com.apple.product-type.bundle.ui-testing";
		};
/* End PBXNativeTarget section */

/* Begin PBXProject section */
		C35FA08F1EA53BDB00E1DD29 /* Project object */ = {
			isa = PBXProject;
			attributes = {
				LastUpgradeCheck = 0830;
				ORGANIZATIONNAME = "Atila Costa";
				TargetAttributes = {
					C35FA0961EA53BDB00E1DD29 = {
						CreatedOnToolsVersion = 8.3;
						ProvisioningStyle = Automatic;
					};
					C35FA0AF1EA53BDB00E1DD29 = {
						CreatedOnToolsVersion = 8.3;
						ProvisioningStyle = Automatic;
						TestTargetID = C35FA0961EA53BDB00E1DD29;
					};
					C35FA0BA1EA53BDB00E1DD29 = {
						CreatedOnToolsVersion = 8.3;
						ProvisioningStyle = Automatic;
						TestTargetID = C35FA0961EA53BDB00E1DD29;
					};
				};
			};
			buildConfigurationList = C35FA0921EA53BDB00E1DD29 /* Build configuration list for PBXProject "miniChallenge" */;
			compatibilityVersion = "Xcode 3.2";
			developmentRegion = English;
			hasScannedForEncodings = 0;
			knownRegions = (
				en,
				Base,
			);
			mainGroup = C35FA08E1EA53BDB00E1DD29;
			productRefGroup = C35FA0981EA53BDB00E1DD29 /* Products */;
			projectDirPath = "";
			projectRoot = "";
			targets = (
				C35FA0961EA53BDB00E1DD29 /* miniChallenge */,
				C35FA0AF1EA53BDB00E1DD29 /* miniChallengeTests */,
				C35FA0BA1EA53BDB00E1DD29 /* miniChallengeUITests */,
			);
		};
/* End PBXProject section */

/* Begin PBXResourcesBuildPhase section */
		C35FA0951EA53BDB00E1DD29 /* Resources */ = {
			isa = PBXResourcesBuildPhase;
			buildActionMask = 2147483647;
			files = (
				C35FA0AA1EA53BDB00E1DD29 /* LaunchScreen.storyboard in Resources */,
				C35FA0A71EA53BDB00E1DD29 /* Assets.xcassets in Resources */,
				C35FA0D41EA53DEF00E1DD29 /* Third View 1.jpg in Resources */,
				C35FA0A51EA53BDB00E1DD29 /* Main.storyboard in Resources */,
				C32DA4641EA6AB5500130808 /* astro.jpg in Resources */,
			);
			runOnlyForDeploymentPostprocessing = 0;
		};
		C35FA0AE1EA53BDB00E1DD29 /* Resources */ = {
			isa = PBXResourcesBuildPhase;
			buildActionMask = 2147483647;
			files = (
			);
			runOnlyForDeploymentPostprocessing = 0;
		};
		C35FA0B91EA53BDB00E1DD29 /* Resources */ = {
			isa = PBXResourcesBuildPhase;
			buildActionMask = 2147483647;
			files = (
			);
			runOnlyForDeploymentPostprocessing = 0;
		};
/* End PBXResourcesBuildPhase section */

/* Begin PBXSourcesBuildPhase section */
		C35FA0931EA53BDB00E1DD29 /* Sources */ = {
			isa = PBXSourcesBuildPhase;
			buildActionMask = 2147483647;
			files = (
				C32DA4621EA6AA8900130808 /* CharCollectionViewCell.m in Sources */,
				C35FA0CF1EA53BFC00E1DD29 /* GameViewController.m in Sources */,
				C35FA0D21EA53CA000E1DD29 /* CharacterViewController.m in Sources */,
				C35FA0A21EA53BDB00E1DD29 /* ViewController.m in Sources */,
				C35FA09F1EA53BDB00E1DD29 /* AppDelegate.m in Sources */,
				C35FA09C1EA53BDB00E1DD29 /* main.m in Sources */,
			);
			runOnlyForDeploymentPostprocessing = 0;
		};
		C35FA0AC1EA53BDB00E1DD29 /* Sources */ = {
			isa = PBXSourcesBuildPhase;
			buildActionMask = 2147483647;
			files = (
				C35FA0B51EA53BDB00E1DD29 /* miniChallengeTests.m in Sources */,
			);
			runOnlyForDeploymentPostprocessing = 0;
		};
		C35FA0B71EA53BDB00E1DD29 /* Sources */ = {
			isa = PBXSourcesBuildPhase;
			buildActionMask = 2147483647;
			files = (
				C35FA0C01EA53BDB00E1DD29 /* miniChallengeUITests.m in Sources */,
			);
			runOnlyForDeploymentPostprocessing = 0;
		};
/* End PBXSourcesBuildPhase section */

/* Begin PBXTargetDependency section */
		C35FA0B21EA53BDB00E1DD29 /* PBXTargetDependency */ = {
			isa = PBXTargetDependency;
			target = C35FA0961EA53BDB00E1DD29 /* miniChallenge */;
			targetProxy = C35FA0B11EA53BDB00E1DD29 /* PBXContainerItemProxy */;
		};
		C35FA0BD1EA53BDB00E1DD29 /* PBXTargetDependency */ = {
			isa = PBXTargetDependency;
			target = C35FA0961EA53BDB00E1DD29 /* miniChallenge */;
			targetProxy = C35FA0BC1EA53BDB00E1DD29 /* PBXContainerItemProxy */;
		};
/* End PBXTargetDependency section */

/* Begin PBXVariantGroup section */
		C35FA0A31EA53BDB00E1DD29 /* Main.storyboard */ = {
			isa = PBXVariantGroup;
			children = (
				C35FA0A41EA53BDB00E1DD29 /* Base */,
			);
			name = Main.storyboard;
			sourceTree = "<group>";
		};
		C35FA0A81EA53BDB00E1DD29 /* LaunchScreen.storyboard */ = {
			isa = PBXVariantGroup;
			children = (
				C35FA0A91EA53BDB00E1DD29 /* Base */,
			);
			name = LaunchScreen.storyboard;
			sourceTree = "<group>";
		};
/* End PBXVariantGroup section */

/* Begin XCBuildConfiguration section */
		C35FA0C21EA53BDB00E1DD29 /* Debug */ = {
			isa = XCBuildConfiguration;
			buildSettings = {
				ALWAYS_SEARCH_USER_PATHS = NO;
				CLANG_ANALYZER_NONNULL = YES;
				CLANG_ANALYZER_NUMBER_OBJECT_CONVERSION = YES_AGGRESSIVE;
				CLANG_CXX_LANGUAGE_STANDARD = "gnu++0x";
				CLANG_CXX_LIBRARY = "libc++";
				CLANG_ENABLE_MODULES = YES;
				CLANG_ENABLE_OBJC_ARC = YES;
				CLANG_WARN_BOOL_CONVERSION = YES;
				CLANG_WARN_CONSTANT_CONVERSION = YES;
				CLANG_WARN_DIRECT_OBJC_ISA_USAGE = YES_ERROR;
				CLANG_WARN_DOCUMENTATION_COMMENTS = YES;
				CLANG_WARN_EMPTY_BODY = YES;
				CLANG_WARN_ENUM_CONVERSION = YES;
				CLANG_WARN_INFINITE_RECURSION = YES;
				CLANG_WARN_INT_CONVERSION = YES;
				CLANG_WARN_OBJC_ROOT_CLASS = YES_ERROR;
				CLANG_WARN_SUSPICIOUS_MOVE = YES;
				CLANG_WARN_UNREACHABLE_CODE = YES;
				CLANG_WARN__DUPLICATE_METHOD_MATCH = YES;
				"CODE_SIGN_IDENTITY[sdk=iphoneos*]" = "iPhone Developer";
				COPY_PHASE_STRIP = NO;
				DEBUG_INFORMATION_FORMAT = dwarf;
				ENABLE_STRICT_OBJC_MSGSEND = YES;
				ENABLE_TESTABILITY = YES;
				GCC_C_LANGUAGE_STANDARD = gnu99;
				GCC_DYNAMIC_NO_PIC = NO;
				GCC_NO_COMMON_BLOCKS = YES;
				GCC_OPTIMIZATION_LEVEL = 0;
				GCC_PREPROCESSOR_DEFINITIONS = (
					"DEBUG=1",
					"$(inherited)",
				);
				GCC_WARN_64_TO_32_BIT_CONVERSION = YES;
				GCC_WARN_ABOUT_RETURN_TYPE = YES_ERROR;
				GCC_WARN_UNDECLARED_SELECTOR = YES;
				GCC_WARN_UNINITIALIZED_AUTOS = YES_AGGRESSIVE;
				GCC_WARN_UNUSED_FUNCTION = YES;
				GCC_WARN_UNUSED_VARIABLE = YES;
				IPHONEOS_DEPLOYMENT_TARGET = 10.3;
				MTL_ENABLE_DEBUG_INFO = YES;
				ONLY_ACTIVE_ARCH = YES;
				SDKROOT = iphoneos;
			};
			name = Debug;
		};
		C35FA0C31EA53BDB00E1DD29 /* Release */ = {
			isa = XCBuildConfiguration;
			buildSettings = {
				ALWAYS_SEARCH_USER_PATHS = NO;
				CLANG_ANALYZER_NONNULL = YES;
				CLANG_ANALYZER_NUMBER_OBJECT_CONVERSION = YES_AGGRESSIVE;
				CLANG_CXX_LANGUAGE_STANDARD = "gnu++0x";
				CLANG_CXX_LIBRARY = "libc++";
				CLANG_ENABLE_MODULES = YES;
				CLANG_ENABLE_OBJC_ARC = YES;
				CLANG_WARN_BOOL_CONVERSION = YES;
				CLANG_WARN_CONSTANT_CONVERSION = YES;
				CLANG_WARN_DIRECT_OBJC_ISA_USAGE = YES_ERROR;
				CLANG_WARN_DOCUMENTATION_COMMENTS = YES;
				CLANG_WARN_EMPTY_BODY = YES;
				CLANG_WARN_ENUM_CONVERSION = YES;
				CLANG_WARN_INFINITE_RECURSION = YES;
				CLANG_WARN_INT_CONVERSION = YES;
				CLANG_WARN_OBJC_ROOT_CLASS = YES_ERROR;
				CLANG_WARN_SUSPICIOUS_MOVE = YES;
				CLANG_WARN_UNREACHABLE_CODE = YES;
				CLANG_WARN__DUPLICATE_METHOD_MATCH = YES;
				"CODE_SIGN_IDENTITY[sdk=iphoneos*]" = "iPhone Developer";
				COPY_PHASE_STRIP = NO;
				DEBUG_INFORMATION_FORMAT = "dwarf-with-dsym";
				ENABLE_NS_ASSERTIONS = NO;
				ENABLE_STRICT_OBJC_MSGSEND = YES;
				GCC_C_LANGUAGE_STANDARD = gnu99;
				GCC_NO_COMMON_BLOCKS = YES;
				GCC_WARN_64_TO_32_BIT_CONVERSION = YES;
				GCC_WARN_ABOUT_RETURN_TYPE = YES_ERROR;
				GCC_WARN_UNDECLARED_SELECTOR = YES;
				GCC_WARN_UNINITIALIZED_AUTOS = YES_AGGRESSIVE;
				GCC_WARN_UNUSED_FUNCTION = YES;
				GCC_WARN_UNUSED_VARIABLE = YES;
				IPHONEOS_DEPLOYMENT_TARGET = 10.3;
				MTL_ENABLE_DEBUG_INFO = NO;
				SDKROOT = iphoneos;
				VALIDATE_PRODUCT = YES;
			};
			name = Release;
		};
		C35FA0C51EA53BDB00E1DD29 /* Debug */ = {
			isa = XCBuildConfiguration;
			buildSettings = {
				ASSETCATALOG_COMPILER_APPICON_NAME = AppIcon;
				INFOPLIST_FILE = miniChallenge/Info.plist;
				LD_RUNPATH_SEARCH_PATHS = "$(inherited) @executable_path/Frameworks";
				PRODUCT_BUNDLE_IDENTIFIER = com.idhacompany.miniChallenge;
				PRODUCT_NAME = "$(TARGET_NAME)";
			};
			name = Debug;
		};
		C35FA0C61EA53BDB00E1DD29 /* Release */ = {
			isa = XCBuildConfiguration;
			buildSettings = {
				ASSETCATALOG_COMPILER_APPICON_NAME = AppIcon;
				INFOPLIST_FILE = miniChallenge/Info.plist;
				LD_RUNPATH_SEARCH_PATHS = "$(inherited) @executable_path/Frameworks";
				PRODUCT_BUNDLE_IDENTIFIER = com.idhacompany.miniChallenge;
				PRODUCT_NAME = "$(TARGET_NAME)";
			};
			name = Release;
		};
		C35FA0C81EA53BDB00E1DD29 /* Debug */ = {
			isa = XCBuildConfiguration;
			buildSettings = {
				BUNDLE_LOADER = "$(TEST_HOST)";
				INFOPLIST_FILE = miniChallengeTests/Info.plist;
				LD_RUNPATH_SEARCH_PATHS = "$(inherited) @executable_path/Frameworks @loader_path/Frameworks";
				PRODUCT_BUNDLE_IDENTIFIER = com.idhacompany.miniChallengeTests;
				PRODUCT_NAME = "$(TARGET_NAME)";
				TEST_HOST = "$(BUILT_PRODUCTS_DIR)/miniChallenge.app/miniChallenge";
			};
			name = Debug;
		};
		C35FA0C91EA53BDB00E1DD29 /* Release */ = {
			isa = XCBuildConfiguration;
			buildSettings = {
				BUNDLE_LOADER = "$(TEST_HOST)";
				INFOPLIST_FILE = miniChallengeTests/Info.plist;
				LD_RUNPATH_SEARCH_PATHS = "$(inherited) @executable_path/Frameworks @loader_path/Frameworks";
				PRODUCT_BUNDLE_IDENTIFIER = com.idhacompany.miniChallengeTests;
				PRODUCT_NAME = "$(TARGET_NAME)";
				TEST_HOST = "$(BUILT_PRODUCTS_DIR)/miniChallenge.app/miniChallenge";
			};
			name = Release;
		};
		C35FA0CB1EA53BDB00E1DD29 /* Debug */ = {
			isa = XCBuildConfiguration;
			buildSettings = {
				INFOPLIST_FILE = miniChallengeUITests/Info.plist;
				LD_RUNPATH_SEARCH_PATHS = "$(inherited) @executable_path/Frameworks @loader_path/Frameworks";
				PRODUCT_BUNDLE_IDENTIFIER = com.idhacompany.miniChallengeUITests;
				PRODUCT_NAME = "$(TARGET_NAME)";
				TEST_TARGET_NAME = miniChallenge;
			};
			name = Debug;
		};
		C35FA0CC1EA53BDB00E1DD29 /* Release */ = {
			isa = XCBuildConfiguration;
			buildSettings = {
				INFOPLIST_FILE = miniChallengeUITests/Info.plist;
				LD_RUNPATH_SEARCH_PATHS = "$(inherited) @executable_path/Frameworks @loader_path/Frameworks";
				PRODUCT_BUNDLE_IDENTIFIER = com.idhacompany.miniChallengeUITests;
				PRODUCT_NAME = "$(TARGET_NAME)";
				TEST_TARGET_NAME = miniChallenge;
			};
			name = Release;
		};
/* End XCBuildConfiguration section */

/* Begin XCConfigurationList section */
		C35FA0921EA53BDB00E1DD29 /* Build configuration list for PBXProject "miniChallenge" */ = {
			isa = XCConfigurationList;
			buildConfigurations = (
				C35FA0C21EA53BDB00E1DD29 /* Debug */,
				C35FA0C31EA53BDB00E1DD29 /* Release */,
			);
			defaultConfigurationIsVisible = 0;
			defaultConfigurationName = Release;
		};
		C35FA0C41EA53BDB00E1DD29 /* Build configuration list for PBXNativeTarget "miniChallenge" */ = {
			isa = XCConfigurationList;
			buildConfigurations = (
				C35FA0C51EA53BDB00E1DD29 /* Debug */,
				C35FA0C61EA53BDB00E1DD29 /* Release */,
			);
			defaultConfigurationIsVisible = 0;
			defaultConfigurationName = Release;
		};
		C35FA0C71EA53BDB00E1DD29 /* Build configuration list for PBXNativeTarget "miniChallengeTests" */ = {
			isa = XCConfigurationList;
			buildConfigurations = (
				C35FA0C81EA53BDB00E1DD29 /* Debug */,
				C35FA0C91EA53BDB00E1DD29 /* Release */,
			);
			defaultConfigurationIsVisible = 0;
			defaultConfigurationName = Release;
		};
		C35FA0CA1EA53BDB00E1DD29 /* Build configuration list for PBXNativeTarget "miniChallengeUITests" */ = {
			isa = XCConfigurationList;
			buildConfigurations = (
				C35FA0CB1EA53BDB00E1DD29 /* Debug */,
				C35FA0CC1EA53BDB00E1DD29 /* Release */,
			);
			defaultConfigurationIsVisible = 0;
			defaultConfigurationName = Release;
		};
/* End XCConfigurationList section */
	};
	rootObject = C35FA08F1EA53BDB00E1DD29 /* Project object */;
}
